
Microsoft Visual Studio Solution File, Format Version 12.00
# Visual Studio 15
VisualStudioVersion = 15.0.28307.329
MinimumVisualStudioVersion = 10.0.40219.1
Project("{FAE04EC0-301F-11D3-BF4B-00C04F79EFBC}") = "MedicineTrackingSystem", "MedicineTrackingSystem\MedicineTrackingSystem.csproj", "{9D35E63F-A80E-4A40-BE7D-B189308D4A39}"
EndProject
Project("{FAE04EC0-301F-11D3-BF4B-00C04F79EFBC}") = "MedicalTrackingSystemProviders", "MedicalTrackingSystemProviders\MedicalTrackingSystemProviders.csproj", "{7C5B79EB-2C7E-4E0F-BEFC-1777D1A3D99D}"
EndProject
Project("{FAE04EC0-301F-11D3-BF4B-00C04F79EFBC}") = "MedicalTrackingSystem.ProviderTests", "MedicalTrackingSystem.ProviderTests\MedicalTrackingSystem.ProviderTests.csproj", "{0F4FB902-ACBB-4E06-959B-6DEBEBCA219E}"
EndProject
Global
	GlobalSection(SolutionConfigurationPlatforms) = preSolution
		Debug|Any CPU = Debug|Any CPU
		Release|Any CPU = Release|Any CPU
	EndGlobalSection
	GlobalSection(ProjectConfigurationPlatforms) = postSolution
		{9D35E63F-A80E-4A40-BE7D-B189308D4A39}.Debug|Any CPU.ActiveCfg = Debug|Any CPU
		{9D35E63F-A80E-4A40-BE7D-B189308D4A39}.Debug|Any CPU.Build.0 = Debug|Any CPU
		{9D35E63F-A80E-4A40-BE7D-B189308D4A39}.Release|Any CPU.ActiveCfg = Release|Any CPU
		{9D35E63F-A80E-4A40-BE7D-B189308D4A39}.Release|Any CPU.Build.0 = Release|Any CPU
		{7C5B79EB-2C7E-4E0F-BEFC-1777D1A3D99D}.Debug|Any CPU.ActiveCfg = Debug|Any CPU
		{7C5B79EB-2C7E-4E0F-BEFC-1777D1A3D99D}.Debug|Any CPU.Build.0 = Debug|Any CPU
		{7C5B79EB-2C7E-4E0F-BEFC-1777D1A3D99D}.Release|Any CPU.ActiveCfg = Release|Any CPU
		{7C5B79EB-2C7E-4E0F-BEFC-1777D1A3D99D}.Release|Any CPU.Build.0 = Release|Any CPU
		{0F4FB902-ACBB-4E06-959B-6DEBEBCA219E}.Debug|Any CPU.ActiveCfg = Debug|Any CPU
		{0F4FB902-ACBB-4E06-959B-6DEBEBCA219E}.Debug|Any CPU.Build.0 = Debug|Any CPU
		{0F4FB902-ACBB-4E06-959B-6DEBEBCA219E}.Release|Any CPU.ActiveCfg = Release|Any CPU
		{0F4FB902-ACBB-4E06-959B-6DEBEBCA219E}.Release|Any CPU.Build.0 = Release|Any CPU
	EndGlobalSection
	GlobalSection(SolutionProperties) = preSolution
		HideSolutionNode = FALSE
	EndGlobalSection
	GlobalSection(ExtensibilityGlobals) = postSolution
		SolutionGuid = {BB4BE71D-1753-4125-B454-E6986CFC263B}
	EndGlobalSection
EndGlobal
